
Microsoft Visual Studio Solution File, Format Version 12.00
# Visual Studio Version 17
VisualStudioVersion = 17.13.35931.197 d17.13
MinimumVisualStudioVersion = 10.0.40219.1
Project("{FAE04EC0-301F-11D3-BF4B-00C04F79EFBC}") = "DAW", "DAW\DAW.csproj", "{C66F1C5F-F26A-479F-BC84-2AD587819251}"
EndProject
Global
	GlobalSection(SolutionConfigurationPlatforms) = preSolution
		Debug|ARM64 = Debug|ARM64
		Debug|x64 = Debug|x64
		Debug|x86 = Debug|x86
		Release|ARM64 = Release|ARM64
		Release|x64 = Release|x64
		Release|x86 = Release|x86
	EndGlobalSection
	GlobalSection(ProjectConfigurationPlatforms) = postSolution
		{C66F1C5F-F26A-479F-BC84-2AD587819251}.Debug|ARM64.ActiveCfg = Debug|ARM64
		{C66F1C5F-F26A-479F-BC84-2AD587819251}.Debug|ARM64.Build.0 = Debug|ARM64
		{C66F1C5F-F26A-479F-BC84-2AD587819251}.Debug|ARM64.Deploy.0 = Debug|ARM64
		{C66F1C5F-F26A-479F-BC84-2AD587819251}.Debug|x64.ActiveCfg = Debug|x64
		{C66F1C5F-F26A-479F-BC84-2AD587819251}.Debug|x64.Build.0 = Debug|x64
		{C66F1C5F-F26A-479F-BC84-2AD587819251}.Debug|x64.Deploy.0 = Debug|x64
		{C66F1C5F-F26A-479F-BC84-2AD587819251}.Debug|x86.ActiveCfg = Debug|x86
		{C66F1C5F-F26A-479F-BC84-2AD587819251}.Debug|x86.Build.0 = Debug|x86
		{C66F1C5F-F26A-479F-BC84-2AD587819251}.Debug|x86.Deploy.0 = Debug|x86
		{C66F1C5F-F26A-479F-BC84-2AD587819251}.Release|ARM64.ActiveCfg = Release|ARM64
		{C66F1C5F-F26A-479F-BC84-2AD587819251}.Release|ARM64.Build.0 = Release|ARM64
		{C66F1C5F-F26A-479F-BC84-2AD587819251}.Release|ARM64.Deploy.0 = Release|ARM64
		{C66F1C5F-F26A-479F-BC84-2AD587819251}.Release|x64.ActiveCfg = Release|x64
		{C66F1C5F-F26A-479F-BC84-2AD587819251}.Release|x64.Build.0 = Release|x64
		{C66F1C5F-F26A-479F-BC84-2AD587819251}.Release|x64.Deploy.0 = Release|x64
		{C66F1C5F-F26A-479F-BC84-2AD587819251}.Release|x86.ActiveCfg = Release|x86
		{C66F1C5F-F26A-479F-BC84-2AD587819251}.Release|x86.Build.0 = Release|x86
		{C66F1C5F-F26A-479F-BC84-2AD587819251}.Release|x86.Deploy.0 = Release|x86
	EndGlobalSection
	GlobalSection(SolutionProperties) = preSolution
		HideSolutionNode = FALSE
	EndGlobalSection
	GlobalSection(ExtensibilityGlobals) = postSolution
		SolutionGuid = {A2F02BEF-621E-4EEF-9DBD-5BB2AAF04E23}
	EndGlobalSection
EndGlobal
